
Microsoft Visual Studio Solution File, Format Version 12.00
# Visual Studio Version 16
VisualStudioVersion = 16.0.32002.261
MinimumVisualStudioVersion = 10.0.40219.1
Project("{FAE04EC0-301F-11D3-BF4B-00C04F79EFBC}") = "aspnetcore-graphql", "aspnetcore-graphql\aspnetcore-graphql.csproj", "{3C7DB766-267F-472E-B1B2-051BF5A615D3}"
EndProject
Global
	GlobalSection(SolutionConfigurationPlatforms) = preSolution
		Debug|Any CPU = Debug|Any CPU
		Release|Any CPU = Release|Any CPU
	EndGlobalSection
	GlobalSection(ProjectConfigurationPlatforms) = postSolution
		{3C7DB766-267F-472E-B1B2-051BF5A615D3}.Debug|Any CPU.ActiveCfg = Debug|Any CPU
		{3C7DB766-267F-472E-B1B2-051BF5A615D3}.Debug|Any CPU.Build.0 = Debug|Any CPU
		{3C7DB766-267F-472E-B1B2-051BF5A615D3}.Release|Any CPU.ActiveCfg = Release|Any CPU
		{3C7DB766-267F-472E-B1B2-051BF5A615D3}.Release|Any CPU.Build.0 = Release|Any CPU
	EndGlobalSection
	GlobalSection(SolutionProperties) = preSolution
		HideSolutionNode = FALSE
	EndGlobalSection
	GlobalSection(ExtensibilityGlobals) = postSolution
		SolutionGuid = {9231A08C-1BAF-4A94-805A-B5050735ADF4}
	EndGlobalSection
EndGlobal
